
Microsoft Visual Studio Solution File, Format Version 11.00
# Visual Studio 2010
Project("{FAE04EC0-301F-11D3-BF4B-00C04F79EFBC}") = "Assembly-CSharp", "Assembly-CSharp.csproj", "{F3AC56DF-4878-8202-D0D1-1E4BDF12E2CC}"
EndProject
Project("{FAE04EC0-301F-11D3-BF4B-00C04F79EFBC}") = "Assembly-CSharp-Editor", "Assembly-CSharp-Editor.csproj", "{CDC7811E-EF26-D703-F0AB-28127FB783F7}"
EndProject
Global
	GlobalSection(SolutionConfigurationPlatforms) = preSolution
		Debug|Any CPU = Debug|Any CPU
		Release|Any CPU = Release|Any CPU
	EndGlobalSection
	GlobalSection(ProjectConfigurationPlatforms) = postSolution
		{F3AC56DF-4878-8202-D0D1-1E4BDF12E2CC}.Debug|Any CPU.ActiveCfg = Debug|Any CPU
		{F3AC56DF-4878-8202-D0D1-1E4BDF12E2CC}.Debug|Any CPU.Build.0 = Debug|Any CPU
		{F3AC56DF-4878-8202-D0D1-1E4BDF12E2CC}.Release|Any CPU.ActiveCfg = Release|Any CPU
		{F3AC56DF-4878-8202-D0D1-1E4BDF12E2CC}.Release|Any CPU.Build.0 = Release|Any CPU
		{CDC7811E-EF26-D703-F0AB-28127FB783F7}.Debug|Any CPU.ActiveCfg = Debug|Any CPU
		{CDC7811E-EF26-D703-F0AB-28127FB783F7}.Debug|Any CPU.Build.0 = Debug|Any CPU
		{CDC7811E-EF26-D703-F0AB-28127FB783F7}.Release|Any CPU.ActiveCfg = Release|Any CPU
		{CDC7811E-EF26-D703-F0AB-28127FB783F7}.Release|Any CPU.Build.0 = Release|Any CPU
	EndGlobalSection
	GlobalSection(SolutionProperties) = preSolution
		HideSolutionNode = FALSE
	EndGlobalSection
	GlobalSection(MonoDevelopProperties) = preSolution
		StartupItem = Assembly-CSharp.csproj
	EndGlobalSection
EndGlobal
